
Microsoft Visual Studio Solution File, Format Version 12.00
# Visual Studio 15
VisualStudioVersion = 15.0.28010.2036
MinimumVisualStudioVersion = 10.0.40219.1
Project("{FAE04EC0-301F-11D3-BF4B-00C04F79EFBC}") = "BarCode.Android", "BarCode\BarCode.Android\BarCode.Android.csproj", "{374B45D3-B38C-449E-9054-D9C8657E1CB7}"
EndProject
Project("{FAE04EC0-301F-11D3-BF4B-00C04F79EFBC}") = "BarCode", "BarCode\BarCode\BarCode.csproj", "{C63E11C1-F0E7-4A65-A92D-3F862D8A89B8}"
EndProject
Global
	GlobalSection(SolutionConfigurationPlatforms) = preSolution
		Debug|Any CPU = Debug|Any CPU
		Release|Any CPU = Release|Any CPU
	EndGlobalSection
	GlobalSection(ProjectConfigurationPlatforms) = postSolution
		{374B45D3-B38C-449E-9054-D9C8657E1CB7}.Debug|Any CPU.ActiveCfg = Debug|Any CPU
		{374B45D3-B38C-449E-9054-D9C8657E1CB7}.Debug|Any CPU.Build.0 = Debug|Any CPU
		{374B45D3-B38C-449E-9054-D9C8657E1CB7}.Debug|Any CPU.Deploy.0 = Debug|Any CPU
		{374B45D3-B38C-449E-9054-D9C8657E1CB7}.Release|Any CPU.ActiveCfg = Release|Any CPU
		{374B45D3-B38C-449E-9054-D9C8657E1CB7}.Release|Any CPU.Build.0 = Release|Any CPU
		{374B45D3-B38C-449E-9054-D9C8657E1CB7}.Release|Any CPU.Deploy.0 = Release|Any CPU
		{C63E11C1-F0E7-4A65-A92D-3F862D8A89B8}.Debug|Any CPU.ActiveCfg = Debug|Any CPU
		{C63E11C1-F0E7-4A65-A92D-3F862D8A89B8}.Debug|Any CPU.Build.0 = Debug|Any CPU
		{C63E11C1-F0E7-4A65-A92D-3F862D8A89B8}.Debug|Any CPU.Deploy.0 = Debug|Any CPU
		{C63E11C1-F0E7-4A65-A92D-3F862D8A89B8}.Release|Any CPU.ActiveCfg = Release|Any CPU
		{C63E11C1-F0E7-4A65-A92D-3F862D8A89B8}.Release|Any CPU.Build.0 = Release|Any CPU
		{C63E11C1-F0E7-4A65-A92D-3F862D8A89B8}.Release|Any CPU.Deploy.0 = Release|Any CPU
	EndGlobalSection
	GlobalSection(SolutionProperties) = preSolution
		HideSolutionNode = FALSE
	EndGlobalSection
	GlobalSection(ExtensibilityGlobals) = postSolution
		SolutionGuid = {083E7ABC-FFFC-4C8B-916F-32543CEB6D9A}
	EndGlobalSection
EndGlobal
